
Microsoft Visual Studio Solution File, Format Version 12.00
# Visual Studio 15
VisualStudioVersion = 15.0.26730.12
MinimumVisualStudioVersion = 10.0.40219.1
Project("{FAE04EC0-301F-11D3-BF4B-00C04F79EFBC}") = "Thuvien", "Thuvien\Thuvien.csproj", "{55231864-4E94-41BB-9A98-9AB8A679F832}"
EndProject
Global
	GlobalSection(SolutionConfigurationPlatforms) = preSolution
		Debug|Any CPU = Debug|Any CPU
		Release|Any CPU = Release|Any CPU
	EndGlobalSection
	GlobalSection(ProjectConfigurationPlatforms) = postSolution
		{55231864-4E94-41BB-9A98-9AB8A679F832}.Debug|Any CPU.ActiveCfg = Debug|Any CPU
		{55231864-4E94-41BB-9A98-9AB8A679F832}.Debug|Any CPU.Build.0 = Debug|Any CPU
		{55231864-4E94-41BB-9A98-9AB8A679F832}.Release|Any CPU.ActiveCfg = Release|Any CPU
		{55231864-4E94-41BB-9A98-9AB8A679F832}.Release|Any CPU.Build.0 = Release|Any CPU
	EndGlobalSection
	GlobalSection(SolutionProperties) = preSolution
		HideSolutionNode = FALSE
	EndGlobalSection
	GlobalSection(ExtensibilityGlobals) = postSolution
		SolutionGuid = {67F6093E-0336-403B-8421-A51833ACDD85}
	EndGlobalSection
EndGlobal
